
Microsoft Visual Studio Solution File, Format Version 12.00
# Visual Studio Version 17
VisualStudioVersion = 17.4.33213.308
MinimumVisualStudioVersion = 10.0.40219.1
Project("{9A19103F-16F7-4668-BE54-9A1E7A4F7556}") = "JakeDrinkStoreWeb", "JakeDrinkStoreWeb\JakeDrinkStoreWeb.csproj", "{CE8E21FB-49B6-462E-915B-902B7EAA9BB5}"
EndProject
Project("{9A19103F-16F7-4668-BE54-9A1E7A4F7556}") = "JakeDrinkStore.DataAccess", "JakeDrinkStore.DataAccess\JakeDrinkStore.DataAccess.csproj", "{A04B7D3C-28D5-4B2E-8F66-D3506831712A}"
EndProject
Project("{9A19103F-16F7-4668-BE54-9A1E7A4F7556}") = "JakeDrinkStore.Utility", "JakeDrinkStore.Utility\JakeDrinkStore.Utility.csproj", "{14E0B135-8C00-40AF-964C-63B846972B7E}"
EndProject
Project("{9A19103F-16F7-4668-BE54-9A1E7A4F7556}") = "JakeDrinkStore.Models", "JakeDrinkStore.Models\JakeDrinkStore.Models.csproj", "{34D461B4-C08A-4F46-B531-B801FFAE37AE}"
EndProject
Global
	GlobalSection(SolutionConfigurationPlatforms) = preSolution
		Debug|Any CPU = Debug|Any CPU
		Release|Any CPU = Release|Any CPU
	EndGlobalSection
	GlobalSection(ProjectConfigurationPlatforms) = postSolution
		{CE8E21FB-49B6-462E-915B-902B7EAA9BB5}.Debug|Any CPU.ActiveCfg = Debug|Any CPU
		{CE8E21FB-49B6-462E-915B-902B7EAA9BB5}.Debug|Any CPU.Build.0 = Debug|Any CPU
		{CE8E21FB-49B6-462E-915B-902B7EAA9BB5}.Release|Any CPU.ActiveCfg = Release|Any CPU
		{CE8E21FB-49B6-462E-915B-902B7EAA9BB5}.Release|Any CPU.Build.0 = Release|Any CPU
		{A04B7D3C-28D5-4B2E-8F66-D3506831712A}.Debug|Any CPU.ActiveCfg = Debug|Any CPU
		{A04B7D3C-28D5-4B2E-8F66-D3506831712A}.Debug|Any CPU.Build.0 = Debug|Any CPU
		{A04B7D3C-28D5-4B2E-8F66-D3506831712A}.Release|Any CPU.ActiveCfg = Release|Any CPU
		{A04B7D3C-28D5-4B2E-8F66-D3506831712A}.Release|Any CPU.Build.0 = Release|Any CPU
		{14E0B135-8C00-40AF-964C-63B846972B7E}.Debug|Any CPU.ActiveCfg = Debug|Any CPU
		{14E0B135-8C00-40AF-964C-63B846972B7E}.Debug|Any CPU.Build.0 = Debug|Any CPU
		{14E0B135-8C00-40AF-964C-63B846972B7E}.Release|Any CPU.ActiveCfg = Release|Any CPU
		{14E0B135-8C00-40AF-964C-63B846972B7E}.Release|Any CPU.Build.0 = Release|Any CPU
		{34D461B4-C08A-4F46-B531-B801FFAE37AE}.Debug|Any CPU.ActiveCfg = Debug|Any CPU
		{34D461B4-C08A-4F46-B531-B801FFAE37AE}.Debug|Any CPU.Build.0 = Debug|Any CPU
		{34D461B4-C08A-4F46-B531-B801FFAE37AE}.Release|Any CPU.ActiveCfg = Release|Any CPU
		{34D461B4-C08A-4F46-B531-B801FFAE37AE}.Release|Any CPU.Build.0 = Release|Any CPU
	EndGlobalSection
	GlobalSection(SolutionProperties) = preSolution
		HideSolutionNode = FALSE
	EndGlobalSection
	GlobalSection(ExtensibilityGlobals) = postSolution
		SolutionGuid = {432E26C1-FD47-4394-8889-3173A908300F}
	EndGlobalSection
EndGlobal
